# This file is generated by running "yarn install" inside your project.
# Manual changes might be lost - proceed with caution!

__metadata:
  version: 6
  cacheKey: 8

"@citation-js/cli@npm:0.5.7":
  version: 0.5.7
  resolution: "@citation-js/cli@npm:0.5.7"
  dependencies:
    "@citation-js/core": ^0.5.7
    "@citation-js/plugin-bibjson": ^0.5.7
    "@citation-js/plugin-bibtex": ^0.5.7
    "@citation-js/plugin-csl": ^0.5.7
    "@citation-js/plugin-doi": ^0.5.7
    "@citation-js/plugin-ris": ^0.5.7
    "@citation-js/plugin-wikidata": ^0.5.7
    commander: ^5.1.0
  bin:
    citation-js: lib/index.js
  checksum: 7ff61ae5ac4404fa3dc6aa1624c5e8f9f27ab07d3d3bc5c74d37e60720453f0d3fbb1d008ff3d026f35b637e2ac3a7d79b4ab6f3d07a981e3102cffb8d94ab5f
  languageName: node
  linkType: hard

"@citation-js/core@npm:0.5.7, @citation-js/core@npm:^0.5.7":
  version: 0.5.7
  resolution: "@citation-js/core@npm:0.5.7"
  dependencies:
    "@citation-js/date": ^0.5.0
    "@citation-js/name": ^0.4.2
    isomorphic-fetch: ^3.0.0
    sync-fetch: ^0.3.0
  checksum: ea19d63d748a17bfbaeb0313b363c0bfc110037ae4abbe2022e39c3b5313ffc880c3d1b8304355af1bde9a20a7f121a430316d96ab8006aef52e7589a8b9bf67
  languageName: node
  linkType: hard

"@citation-js/date@npm:0.5.1, @citation-js/date@npm:^0.5.0":
  version: 0.5.1
  resolution: "@citation-js/date@npm:0.5.1"
  checksum: d3f71fd8cc933d7b51f3aec3a529729a13617680b310aba72c1adb3c0b9756c418219d30a85e9a495b1f8202fd6c751ade117b64e5a95ac95a3c94014448e56f
  languageName: node
  linkType: hard

"@citation-js/name@npm:0.4.2, @citation-js/name@npm:^0.4.2":
  version: 0.4.2
  resolution: "@citation-js/name@npm:0.4.2"
  checksum: 35556499a6a8a77189ee29b2ec15ee06366d0d0d79b5a896dfb617b94c1f4cf8423a0db022c294ee144a5a0f382fec6cce7b8064b71aaf001574095064b1586b
  languageName: node
  linkType: hard

"@citation-js/plugin-bibjson@npm:0.5.7, @citation-js/plugin-bibjson@npm:^0.5.7":
  version: 0.5.7
  resolution: "@citation-js/plugin-bibjson@npm:0.5.7"
  dependencies:
    "@citation-js/date": ^0.5.0
    "@citation-js/name": ^0.4.2
  peerDependencies:
    "@citation-js/core": ^0.5.0-alpha.0
  checksum: cc6d2626c00960f832022889eb3b5eaa3cd478bb80d372a4a4d6214e76b430b48c656e5ec1327f142adec95bc14f0c18476385e9dc605d11dc61c348b21f5659
  languageName: node
  linkType: hard

"@citation-js/plugin-bibtex@npm:0.5.7, @citation-js/plugin-bibtex@npm:^0.5.7":
  version: 0.5.7
  resolution: "@citation-js/plugin-bibtex@npm:0.5.7"
  dependencies:
    "@citation-js/date": ^0.5.0
    "@citation-js/name": ^0.4.2
    moo: ^0.5.1
  peerDependencies:
    "@citation-js/core": ^0.5.0-alpha.0
  checksum: 8ba963513cac5bd3036cfaf78226276e290a3e6babebc69f38d8d88b078b0a402647a39ee0c77d27994b93d14c84f763f7bdb5d15c56fb99637283839006cefb
  languageName: node
  linkType: hard

"@citation-js/plugin-csl@npm:0.5.7, @citation-js/plugin-csl@npm:^0.5.7":
  version: 0.5.7
  resolution: "@citation-js/plugin-csl@npm:0.5.7"
  dependencies:
    "@citation-js/date": ^0.5.0
    citeproc: ^2.4.6
  peerDependencies:
    "@citation-js/core": ^0.5.0-alpha.0
  checksum: d1baa27ade44e5371cb908120b4b5da4622edc249fcb8717bf892b5af04c127555dc4ebfd8cd2cf1d84c7eb18cd34561643ac77e0218b097153c280f509896f1
  languageName: node
  linkType: hard

"@citation-js/plugin-doi@npm:0.5.7, @citation-js/plugin-doi@npm:^0.5.7":
  version: 0.5.7
  resolution: "@citation-js/plugin-doi@npm:0.5.7"
  dependencies:
    "@citation-js/date": ^0.5.0
  peerDependencies:
    "@citation-js/core": ^0.5.0-alpha.0
  checksum: e45f82fb794460c0dd4e7857f079638850c63a5e3d07607c4629cea4ebbbf6b825546b0d2fbd29189b7dc6c19e72d6fea78199511a90a6dfb1a425ca65fcffda
  languageName: node
  linkType: hard

"@citation-js/plugin-ris@npm:0.5.7, @citation-js/plugin-ris@npm:^0.5.7":
  version: 0.5.7
  resolution: "@citation-js/plugin-ris@npm:0.5.7"
  dependencies:
    "@citation-js/date": ^0.5.0
    "@citation-js/name": ^0.4.2
  peerDependencies:
    "@citation-js/core": ^0.5.0-alpha.0
  checksum: fe50b468fe5b5d176e94a7f685bac8f5d14c54c7cb99a3b37af9dbbb9c3d60072d6421ebe3e8e2097d21e113275e939865b2638999b14163c1327c4dce7c4ad8
  languageName: node
  linkType: hard

"@citation-js/plugin-wikidata@npm:0.5.7, @citation-js/plugin-wikidata@npm:^0.5.7":
  version: 0.5.7
  resolution: "@citation-js/plugin-wikidata@npm:0.5.7"
  dependencies:
    "@citation-js/date": ^0.5.0
    "@citation-js/name": ^0.4.2
    wikidata-sdk: 7
  peerDependencies:
    "@citation-js/core": ^0.5.0-alpha.0
  checksum: db4b43dc0b0263c74c5008ad5957939c5b87028ee61678ea8cd40188790a72cbeb87c2b182f23bedfe78b67b5c14697c64cf2df51c71464b35fb7c53161c93e5
  languageName: node
  linkType: hard

"@types/jquery@npm:^3.5.3":
  version: 3.5.14
  resolution: "@types/jquery@npm:3.5.14"
  dependencies:
    "@types/sizzle": "*"
  checksum: 159d6f804ed1a204b3f79f2d591a271d82e866bd45bd49fb6ef40561a25dbe0f47ec7815681b44cc2db5598425f72811e7e80ab0e983d980470998ac56feb375
  languageName: node
  linkType: hard

"@types/node@npm:^14.14.3":
  version: 14.18.22
  resolution: "@types/node@npm:14.18.22"
  checksum: 5cec8276b834b8988f0af69655423e816729a5757d2015a3199156bdc98ea55206338fad752b26236c55d431dce24eb973b4f5a8918f8e6b17056ffcc12edc08
  languageName: node
  linkType: hard

"@types/sizzle@npm:*":
  version: 2.3.3
  resolution: "@types/sizzle@npm:2.3.3"
  checksum: 586a9fb1f6ff3e325e0f2cc1596a460615f0bc8a28f6e276ac9b509401039dd242fa8b34496d3a30c52f5b495873922d09a9e76c50c2ab2bcc70ba3fb9c4e160
  languageName: node
  linkType: hard

"base64-js@npm:^1.3.1":
  version: 1.5.1
  resolution: "base64-js@npm:1.5.1"
  checksum: 669632eb3745404c2f822a18fc3a0122d2f9a7a13f7fb8b5823ee19d1d2ff9ee5b52c53367176ea4ad093c332fd5ab4bd0ebae5a8e27917a4105a4cfc86b1005
  languageName: node
  linkType: hard

"buffer@npm:^5.7.0":
  version: 5.7.1
  resolution: "buffer@npm:5.7.1"
  dependencies:
    base64-js: ^1.3.1
    ieee754: ^1.1.13
  checksum: e2cf8429e1c4c7b8cbd30834ac09bd61da46ce35f5c22a78e6c2f04497d6d25541b16881e30a019c6fd3154150650ccee27a308eff3e26229d788bbdeb08ab84
  languageName: node
  linkType: hard

"citation-js@npm:^0.5.0-alpha.9":
  version: 0.5.7
  resolution: "citation-js@npm:0.5.7"
  dependencies:
    "@citation-js/cli": 0.5.7
    "@citation-js/core": 0.5.7
    "@citation-js/date": 0.5.1
    "@citation-js/name": 0.4.2
    "@citation-js/plugin-bibjson": 0.5.7
    "@citation-js/plugin-bibtex": 0.5.7
    "@citation-js/plugin-csl": 0.5.7
    "@citation-js/plugin-doi": 0.5.7
    "@citation-js/plugin-ris": 0.5.7
    "@citation-js/plugin-wikidata": 0.5.7
    citeproc: ^2.4.59
  bin:
    citation-js: bin/cmd.js
  checksum: c89a3699b7b07bb429255515960be39383c2f804644cf05178be2f8b1f24125726da31715a25e2cadc5c9650bf9db908943ae464532ef18e8a21bd4138a1cc96
  languageName: node
  linkType: hard

"citeproc@npm:^2.4.59, citeproc@npm:^2.4.6":
  version: 2.4.62
  resolution: "citeproc@npm:2.4.62"
  checksum: 9b92a18981643cb88ee4c4d16fdc5b43dee52577ed15b8f2a45cd7f686363216615904217275beee528154906f17082621380baecb38a823b579c8f47a0e7093
  languageName: node
  linkType: hard

"commander@npm:^5.1.0":
  version: 5.1.0
  resolution: "commander@npm:5.1.0"
  checksum: 0b7fec1712fbcc6230fcb161d8d73b4730fa91a21dc089515489402ad78810547683f058e2a9835929c212fead1d6a6ade70db28bbb03edbc2829a9ab7d69447
  languageName: node
  linkType: hard

"ieee754@npm:^1.1.13":
  version: 1.2.1
  resolution: "ieee754@npm:1.2.1"
  checksum: 5144c0c9815e54ada181d80a0b810221a253562422e7c6c3a60b1901154184f49326ec239d618c416c1c5945a2e197107aee8d986a3dd836b53dffefd99b5e7e
  languageName: node
  linkType: hard

"isomorphic-fetch@npm:^3.0.0":
  version: 3.0.0
  resolution: "isomorphic-fetch@npm:3.0.0"
  dependencies:
    node-fetch: ^2.6.1
    whatwg-fetch: ^3.4.1
  checksum: e5ab79a56ce5af6ddd21265f59312ad9a4bc5a72cebc98b54797b42cb30441d5c5f8d17c5cd84a99e18101c8af6f90c081ecb8d12fd79e332be1778d58486d75
  languageName: node
  linkType: hard

"jquery@npm:^3.5.1":
  version: 3.6.0
  resolution: "jquery@npm:3.6.0"
  checksum: 8fd5fef4aa48fd374ec716dd1c1df1af407814a228e15c1260ca140de3a697c2a77c30c54ff1d238b6a3ab4ddc445ddeef9adce6c6d28e4869d85eb9d3951c0e
  languageName: node
  linkType: hard

"moo@npm:^0.5.1":
  version: 0.5.1
  resolution: "moo@npm:0.5.1"
  checksum: 2d8c013f1f9aad8e5c7a9d4a03dbb4eecd91b9fe5e9446fbc7561fd38d4d161c742434acff385722542fe7b360fce9c586da62442379e62e4158ad49c7e1a6b7
  languageName: node
  linkType: hard

"node-fetch@npm:^2.6.1":
  version: 2.6.7
  resolution: "node-fetch@npm:2.6.7"
  dependencies:
    whatwg-url: ^5.0.0
  peerDependencies:
    encoding: ^0.1.0
  peerDependenciesMeta:
    encoding:
      optional: true
  checksum: 8d816ffd1ee22cab8301c7756ef04f3437f18dace86a1dae22cf81db8ef29c0bf6655f3215cb0cdb22b420b6fe141e64b26905e7f33f9377a7fa59135ea3e10b
  languageName: node
  linkType: hard

"reference-manager@workspace:.":
  version: 0.0.0-use.local
  resolution: "reference-manager@workspace:."
  dependencies:
    "@types/jquery": ^3.5.3
    "@types/node": ^14.14.3
    citation-js: ^0.5.0-alpha.9
    jquery: ^3.5.1
  languageName: unknown
  linkType: soft

"sync-fetch@npm:^0.3.0":
  version: 0.3.1
  resolution: "sync-fetch@npm:0.3.1"
  dependencies:
    buffer: ^5.7.0
    node-fetch: ^2.6.1
  checksum: f6afd3e18efd7ff0540c2c559fea66e42bc9ae1cc72f5cbd5e51def40062aa7915c06be7e02e10d23e0b844aa3865b3ec41b0ed951688e981acb12548299dff4
  languageName: node
  linkType: hard

"tr46@npm:~0.0.3":
  version: 0.0.3
  resolution: "tr46@npm:0.0.3"
  checksum: 726321c5eaf41b5002e17ffbd1fb7245999a073e8979085dacd47c4b4e8068ff5777142fc6726d6ca1fd2ff16921b48788b87225cbc57c72636f6efa8efbffe3
  languageName: node
  linkType: hard

"webidl-conversions@npm:^3.0.0":
  version: 3.0.1
  resolution: "webidl-conversions@npm:3.0.1"
  checksum: c92a0a6ab95314bde9c32e1d0a6dfac83b578f8fa5f21e675bc2706ed6981bc26b7eb7e6a1fab158e5ce4adf9caa4a0aee49a52505d4d13c7be545f15021b17c
  languageName: node
  linkType: hard

"whatwg-fetch@npm:^3.4.1":
  version: 3.6.2
  resolution: "whatwg-fetch@npm:3.6.2"
  checksum: ee976b7249e7791edb0d0a62cd806b29006ad7ec3a3d89145921ad8c00a3a67e4be8f3fb3ec6bc7b58498724fd568d11aeeeea1f7827e7e1e5eae6c8a275afed
  languageName: node
  linkType: hard

"whatwg-url@npm:^5.0.0":
  version: 5.0.0
  resolution: "whatwg-url@npm:5.0.0"
  dependencies:
    tr46: ~0.0.3
    webidl-conversions: ^3.0.0
  checksum: b8daed4ad3356cc4899048a15b2c143a9aed0dfae1f611ebd55073310c7b910f522ad75d727346ad64203d7e6c79ef25eafd465f4d12775ca44b90fa82ed9e2c
  languageName: node
  linkType: hard

"wikibase-sdk@npm:^7.14.4":
  version: 7.15.0
  resolution: "wikibase-sdk@npm:7.15.0"
  checksum: 5a503f45700070b8d83d1481ec6bac5ddf7a1feb46a3fc148862d95e3f34e1ec1dd6203234198d14b26c533f537ebbb63b0471d5e0907cb2ee2f10b88a830b80
  languageName: node
  linkType: hard

"wikidata-sdk@npm:7":
  version: 7.14.4
  resolution: "wikidata-sdk@npm:7.14.4"
  dependencies:
    wikibase-sdk: ^7.14.4
  checksum: be8a77ac00da85694ae05713cf5eb64a932b3e3eeb13bf56592d11d63085f12652853d1cb5843748ead7e625b17eb44a21bca054feaa23c724abaede04856e43
  languageName: node
  linkType: hard
