{
  "name": "hypothesis",
  "version": "1.0.0",
  "lockfileVersion": 2,
  "requires": true,
  "packages": {
    "": {
      "version": "1.0.0",
      "license": "ISC",
      "dependencies": {
        "jose": "^3.12.2",
        "node-fetch": "^2.6.1"
      }
    },
    "node_modules/jose": {
      "version": "3.12.2",
      "resolved": "https://registry.npmjs.org/jose/-/jose-3.12.2.tgz",
      "integrity": "sha512-6v6JBmmL30iEqr1KTz5qB11EvkQHJ0li7bK8/q9OyljVjCZcFeo1kqFlrQ/zNOSb+XGLIKqGLH8aZyACTT4IVg==",
      "funding": {
        "url": "https://github.com/sponsors/panva"
      }
    },
    "node_modules/node-fetch": {
      "version": "2.6.1",
      "resolved": "https://registry.npmjs.org/node-fetch/-/node-fetch-2.6.1.tgz",
      "integrity": "sha512-V4aYg89jEoVRxRb2fJdAg8FHvI7cEyYdVAh94HH0UIK8oJxUfkjlDQN9RbMx+bEjP7+ggMiFRprSti032Oipxw==",
      "engines": {
        "node": "4.x || >=6.0.0"
      }
    }
  },
  "dependencies": {
    "jose": {
      "version": "3.12.2",
      "resolved": "https://registry.npmjs.org/jose/-/jose-3.12.2.tgz",
      "integrity": "sha512-6v6JBmmL30iEqr1KTz5qB11EvkQHJ0li7bK8/q9OyljVjCZcFeo1kqFlrQ/zNOSb+XGLIKqGLH8aZyACTT4IVg=="
    },
    "node-fetch": {
      "version": "2.6.1",
      "resolved": "https://registry.npmjs.org/node-fetch/-/node-fetch-2.6.1.tgz",
      "integrity": "sha512-V4aYg89jEoVRxRb2fJdAg8FHvI7cEyYdVAh94HH0UIK8oJxUfkjlDQN9RbMx+bEjP7+ggMiFRprSti032Oipxw=="
    }
  }
}
